
Microsoft Visual Studio Solution File, Format Version 12.00
# Visual Studio Version 17
VisualStudioVersion = 17.0.31919.166
MinimumVisualStudioVersion = 10.0.40219.1
Project("{2150E333-8FDC-42A3-9474-1A3956D46DE8}") = "01-Api", "01-Api", "{0F30AF84-2701-452A-AAED-5228F9C0272E}"
EndProject
Project("{2150E333-8FDC-42A3-9474-1A3956D46DE8}") = "02-Services", "02-Services", "{48C7B589-336D-4348-B057-FC04BA900008}"
EndProject
Project("{2150E333-8FDC-42A3-9474-1A3956D46DE8}") = "03-Data", "03-Data", "{25680D29-3B89-497C-869C-3B93B5BF90E1}"
EndProject
Project("{9A19103F-16F7-4668-BE54-9A1E7A4F7556}") = "ALUXION.Services.Interfaces", "ALUXION.Services.Interfaces\ALUXION.Services.Interfaces.csproj", "{8B7AF8F9-4DC5-49B8-8C71-06C0B3855B13}"
EndProject
Project("{2150E333-8FDC-42A3-9474-1A3956D46DE8}") = "04-Domain", "04-Domain", "{4C757B38-C56C-4E24-97C2-7D099EE6EA5F}"
EndProject
Project("{9A19103F-16F7-4668-BE54-9A1E7A4F7556}") = "ALUXION.Domain", "ALUXION.Domain\ALUXION.Domain.csproj", "{16DFDB3A-0A29-49FE-966C-E1DE19843436}"
EndProject
Project("{9A19103F-16F7-4668-BE54-9A1E7A4F7556}") = "ALUXION.Services.Implementations", "ALUXION.Services.Implementations\ALUXION.Services.Implementations.csproj", "{B97B3B7F-7920-4A14-8267-D5D2C7A5E018}"
EndProject
Project("{2150E333-8FDC-42A3-9474-1A3956D46DE8}") = "05-Common", "05-Common", "{3DACE155-5BB3-42AD-B2A0-2FE5EADCC3ED}"
EndProject
Project("{9A19103F-16F7-4668-BE54-9A1E7A4F7556}") = "ALUXION.Settings", "ALUXION.Settings\ALUXION.Settings.csproj", "{830E04BB-98A1-40F2-B71D-78190D484D5E}"
EndProject
Project("{9A19103F-16F7-4668-BE54-9A1E7A4F7556}") = "ALUXION.Repositories.Implementations", "ALUXION.Repositories.Implementations\ALUXION.Repositories.Implementations.csproj", "{BCC822D5-A6F1-4354-95A0-D744ABC5093E}"
EndProject
Project("{9A19103F-16F7-4668-BE54-9A1E7A4F7556}") = "ALUXION.Repositories.Interfaces", "ALUXION.Repositories.Interfaces\ALUXION.Repositories.Interfaces.csproj", "{1D583A7A-946A-4716-BFFC-1A08A9791273}"
EndProject
Project("{2150E333-8FDC-42A3-9474-1A3956D46DE8}") = "06-DTOs", "06-DTOs", "{05DAE1AF-A8B2-4CC2-A6C0-3D015F9BEDD1}"
EndProject
Project("{9A19103F-16F7-4668-BE54-9A1E7A4F7556}") = "ALUXION.DTOs", "ALUXION.DTO\ALUXION.DTOs.csproj", "{42B27E0E-381D-4EFC-BD2E-6F01FB5E3DC6}"
EndProject
Project("{9A19103F-16F7-4668-BE54-9A1E7A4F7556}") = "ALUXION", "ALUXION\ALUXION.csproj", "{FA039758-1492-451D-9D79-E049DD219803}"
EndProject
Project("{9A19103F-16F7-4668-BE54-9A1E7A4F7556}") = "ALUXION.AutoMapper", "ALUXION.AutoMapper\ALUXION.AutoMapper.csproj", "{10469822-5E76-45A4-8093-DB7224ADC763}"
EndProject
Global
	GlobalSection(SolutionConfigurationPlatforms) = preSolution
		Debug|Any CPU = Debug|Any CPU
		Release|Any CPU = Release|Any CPU
	EndGlobalSection
	GlobalSection(ProjectConfigurationPlatforms) = postSolution
		{8B7AF8F9-4DC5-49B8-8C71-06C0B3855B13}.Debug|Any CPU.ActiveCfg = Debug|Any CPU
		{8B7AF8F9-4DC5-49B8-8C71-06C0B3855B13}.Debug|Any CPU.Build.0 = Debug|Any CPU
		{8B7AF8F9-4DC5-49B8-8C71-06C0B3855B13}.Release|Any CPU.ActiveCfg = Release|Any CPU
		{8B7AF8F9-4DC5-49B8-8C71-06C0B3855B13}.Release|Any CPU.Build.0 = Release|Any CPU
		{16DFDB3A-0A29-49FE-966C-E1DE19843436}.Debug|Any CPU.ActiveCfg = Debug|Any CPU
		{16DFDB3A-0A29-49FE-966C-E1DE19843436}.Debug|Any CPU.Build.0 = Debug|Any CPU
		{16DFDB3A-0A29-49FE-966C-E1DE19843436}.Release|Any CPU.ActiveCfg = Release|Any CPU
		{16DFDB3A-0A29-49FE-966C-E1DE19843436}.Release|Any CPU.Build.0 = Release|Any CPU
		{B97B3B7F-7920-4A14-8267-D5D2C7A5E018}.Debug|Any CPU.ActiveCfg = Debug|Any CPU
		{B97B3B7F-7920-4A14-8267-D5D2C7A5E018}.Debug|Any CPU.Build.0 = Debug|Any CPU
		{B97B3B7F-7920-4A14-8267-D5D2C7A5E018}.Release|Any CPU.ActiveCfg = Release|Any CPU
		{B97B3B7F-7920-4A14-8267-D5D2C7A5E018}.Release|Any CPU.Build.0 = Release|Any CPU
		{830E04BB-98A1-40F2-B71D-78190D484D5E}.Debug|Any CPU.ActiveCfg = Debug|Any CPU
		{830E04BB-98A1-40F2-B71D-78190D484D5E}.Debug|Any CPU.Build.0 = Debug|Any CPU
		{830E04BB-98A1-40F2-B71D-78190D484D5E}.Release|Any CPU.ActiveCfg = Release|Any CPU
		{830E04BB-98A1-40F2-B71D-78190D484D5E}.Release|Any CPU.Build.0 = Release|Any CPU
		{BCC822D5-A6F1-4354-95A0-D744ABC5093E}.Debug|Any CPU.ActiveCfg = Debug|Any CPU
		{BCC822D5-A6F1-4354-95A0-D744ABC5093E}.Debug|Any CPU.Build.0 = Debug|Any CPU
		{BCC822D5-A6F1-4354-95A0-D744ABC5093E}.Release|Any CPU.ActiveCfg = Release|Any CPU
		{BCC822D5-A6F1-4354-95A0-D744ABC5093E}.Release|Any CPU.Build.0 = Release|Any CPU
		{1D583A7A-946A-4716-BFFC-1A08A9791273}.Debug|Any CPU.ActiveCfg = Debug|Any CPU
		{1D583A7A-946A-4716-BFFC-1A08A9791273}.Debug|Any CPU.Build.0 = Debug|Any CPU
		{1D583A7A-946A-4716-BFFC-1A08A9791273}.Release|Any CPU.ActiveCfg = Release|Any CPU
		{1D583A7A-946A-4716-BFFC-1A08A9791273}.Release|Any CPU.Build.0 = Release|Any CPU
		{42B27E0E-381D-4EFC-BD2E-6F01FB5E3DC6}.Debug|Any CPU.ActiveCfg = Debug|Any CPU
		{42B27E0E-381D-4EFC-BD2E-6F01FB5E3DC6}.Debug|Any CPU.Build.0 = Debug|Any CPU
		{42B27E0E-381D-4EFC-BD2E-6F01FB5E3DC6}.Release|Any CPU.ActiveCfg = Release|Any CPU
		{42B27E0E-381D-4EFC-BD2E-6F01FB5E3DC6}.Release|Any CPU.Build.0 = Release|Any CPU
		{FA039758-1492-451D-9D79-E049DD219803}.Debug|Any CPU.ActiveCfg = Debug|Any CPU
		{FA039758-1492-451D-9D79-E049DD219803}.Debug|Any CPU.Build.0 = Debug|Any CPU
		{FA039758-1492-451D-9D79-E049DD219803}.Release|Any CPU.ActiveCfg = Release|Any CPU
		{FA039758-1492-451D-9D79-E049DD219803}.Release|Any CPU.Build.0 = Release|Any CPU
		{10469822-5E76-45A4-8093-DB7224ADC763}.Debug|Any CPU.ActiveCfg = Debug|Any CPU
		{10469822-5E76-45A4-8093-DB7224ADC763}.Debug|Any CPU.Build.0 = Debug|Any CPU
		{10469822-5E76-45A4-8093-DB7224ADC763}.Release|Any CPU.ActiveCfg = Release|Any CPU
		{10469822-5E76-45A4-8093-DB7224ADC763}.Release|Any CPU.Build.0 = Release|Any CPU
	EndGlobalSection
	GlobalSection(SolutionProperties) = preSolution
		HideSolutionNode = FALSE
	EndGlobalSection
	GlobalSection(NestedProjects) = preSolution
		{8B7AF8F9-4DC5-49B8-8C71-06C0B3855B13} = {48C7B589-336D-4348-B057-FC04BA900008}
		{16DFDB3A-0A29-49FE-966C-E1DE19843436} = {4C757B38-C56C-4E24-97C2-7D099EE6EA5F}
		{B97B3B7F-7920-4A14-8267-D5D2C7A5E018} = {48C7B589-336D-4348-B057-FC04BA900008}
		{830E04BB-98A1-40F2-B71D-78190D484D5E} = {3DACE155-5BB3-42AD-B2A0-2FE5EADCC3ED}
		{BCC822D5-A6F1-4354-95A0-D744ABC5093E} = {25680D29-3B89-497C-869C-3B93B5BF90E1}
		{1D583A7A-946A-4716-BFFC-1A08A9791273} = {25680D29-3B89-497C-869C-3B93B5BF90E1}
		{42B27E0E-381D-4EFC-BD2E-6F01FB5E3DC6} = {05DAE1AF-A8B2-4CC2-A6C0-3D015F9BEDD1}
		{FA039758-1492-451D-9D79-E049DD219803} = {0F30AF84-2701-452A-AAED-5228F9C0272E}
		{10469822-5E76-45A4-8093-DB7224ADC763} = {3DACE155-5BB3-42AD-B2A0-2FE5EADCC3ED}
	EndGlobalSection
	GlobalSection(ExtensibilityGlobals) = postSolution
		SolutionGuid = {11A5F19E-5600-41B5-985B-F4D330280E45}
	EndGlobalSection
EndGlobal
